
Microsoft Visual Studio Solution File, Format Version 12.00
# Visual Studio 14
VisualStudioVersion = 14.0.25420.1
MinimumVisualStudioVersion = 10.0.40219.1
Project("{FAE04EC0-301F-11D3-BF4B-00C04F79EFBC}") = "CodeMovement.EbcdicCompare.DataAccess", "CodeMovement.EbcdicCompare.DataAccess\CodeMovement.EbcdicCompare.DataAccess.csproj", "{C216B41F-74FF-498A-B26E-61D8452A409B}"
EndProject
Project("{FAE04EC0-301F-11D3-BF4B-00C04F79EFBC}") = "CodeMovement.EbcdicCompare.Models", "CodeMovement.EbcdicCompare.Models\CodeMovement.EbcdicCompare.Models.csproj", "{CD173EC7-0FFE-4DC0-B46D-0949815199A1}"
EndProject
Project("{FAE04EC0-301F-11D3-BF4B-00C04F79EFBC}") = "CodeMovement.EbcdicCompare.Services", "CodeMovement.EbcdicCompare.Services\CodeMovement.EbcdicCompare.Services.csproj", "{0B9F2B10-106F-418B-BFA8-D05B0D16D307}"
EndProject
Project("{FAE04EC0-301F-11D3-BF4B-00C04F79EFBC}") = "CodeMovement.EbcdicCompare.Presentation", "CodeMovement.EbcdicCompare.Presentation\CodeMovement.EbcdicCompare.Presentation.csproj", "{8A67F4F3-2676-45B1-B619-3CE3877A74EC}"
EndProject
Project("{FAE04EC0-301F-11D3-BF4B-00C04F79EFBC}") = "CodeMovement.EbcdicCompare.App", "CodeMovement.EbcdicCompare.App\CodeMovement.EbcdicCompare.App.csproj", "{F6054594-AC35-472F-B7C2-2B7B9350C805}"
EndProject
Project("{FAE04EC0-301F-11D3-BF4B-00C04F79EFBC}") = "CodeMovement.EbcdicCompare.UnitTests", "CodeMovement.EbcdicCompare.UnitTests\CodeMovement.EbcdicCompare.UnitTests.csproj", "{5B2332DE-9916-47E8-BBCE-25792639F1C1}"
EndProject
Project("{2150E333-8FDC-42A3-9474-1A3956D46DE8}") = "Solution Items", "Solution Items", "{F263FE0F-DC83-4EE5-A7BB-18D623DA8CB4}"
	ProjectSection(SolutionItems) = preProject
		CI_Config.testsettings = CI_Config.testsettings
	EndProjectSection
EndProject
Global
	GlobalSection(SolutionConfigurationPlatforms) = preSolution
		Debug|Any CPU = Debug|Any CPU
		Release|Any CPU = Release|Any CPU
	EndGlobalSection
	GlobalSection(ProjectConfigurationPlatforms) = postSolution
		{C216B41F-74FF-498A-B26E-61D8452A409B}.Debug|Any CPU.ActiveCfg = Debug|Any CPU
		{C216B41F-74FF-498A-B26E-61D8452A409B}.Debug|Any CPU.Build.0 = Debug|Any CPU
		{C216B41F-74FF-498A-B26E-61D8452A409B}.Release|Any CPU.ActiveCfg = Release|Any CPU
		{C216B41F-74FF-498A-B26E-61D8452A409B}.Release|Any CPU.Build.0 = Release|Any CPU
		{CD173EC7-0FFE-4DC0-B46D-0949815199A1}.Debug|Any CPU.ActiveCfg = Debug|Any CPU
		{CD173EC7-0FFE-4DC0-B46D-0949815199A1}.Debug|Any CPU.Build.0 = Debug|Any CPU
		{CD173EC7-0FFE-4DC0-B46D-0949815199A1}.Release|Any CPU.ActiveCfg = Release|Any CPU
		{CD173EC7-0FFE-4DC0-B46D-0949815199A1}.Release|Any CPU.Build.0 = Release|Any CPU
		{0B9F2B10-106F-418B-BFA8-D05B0D16D307}.Debug|Any CPU.ActiveCfg = Debug|Any CPU
		{0B9F2B10-106F-418B-BFA8-D05B0D16D307}.Debug|Any CPU.Build.0 = Debug|Any CPU
		{0B9F2B10-106F-418B-BFA8-D05B0D16D307}.Release|Any CPU.ActiveCfg = Release|Any CPU
		{0B9F2B10-106F-418B-BFA8-D05B0D16D307}.Release|Any CPU.Build.0 = Release|Any CPU
		{8A67F4F3-2676-45B1-B619-3CE3877A74EC}.Debug|Any CPU.ActiveCfg = Debug|Any CPU
		{8A67F4F3-2676-45B1-B619-3CE3877A74EC}.Debug|Any CPU.Build.0 = Debug|Any CPU
		{8A67F4F3-2676-45B1-B619-3CE3877A74EC}.Release|Any CPU.ActiveCfg = Release|Any CPU
		{8A67F4F3-2676-45B1-B619-3CE3877A74EC}.Release|Any CPU.Build.0 = Release|Any CPU
		{F6054594-AC35-472F-B7C2-2B7B9350C805}.Debug|Any CPU.ActiveCfg = Debug|Any CPU
		{F6054594-AC35-472F-B7C2-2B7B9350C805}.Debug|Any CPU.Build.0 = Debug|Any CPU
		{F6054594-AC35-472F-B7C2-2B7B9350C805}.Release|Any CPU.ActiveCfg = Release|Any CPU
		{F6054594-AC35-472F-B7C2-2B7B9350C805}.Release|Any CPU.Build.0 = Release|Any CPU
		{5B2332DE-9916-47E8-BBCE-25792639F1C1}.Debug|Any CPU.ActiveCfg = Debug|Any CPU
		{5B2332DE-9916-47E8-BBCE-25792639F1C1}.Debug|Any CPU.Build.0 = Debug|Any CPU
		{5B2332DE-9916-47E8-BBCE-25792639F1C1}.Release|Any CPU.ActiveCfg = Release|Any CPU
		{5B2332DE-9916-47E8-BBCE-25792639F1C1}.Release|Any CPU.Build.0 = Release|Any CPU
	EndGlobalSection
	GlobalSection(SolutionProperties) = preSolution
		HideSolutionNode = FALSE
	EndGlobalSection
EndGlobal
